// !$*UTF8*$!
{
	archiveVersion = 1;
	classes = {
	};
	objectVersion = 56;
	objects = {

/* Begin PBXBuildFile section */
		BD9A704429F73C84000A265D /* .gitignore in Resources */ = {isa = PBXBuildFile; fileRef = BD9A704329F73C84000A265D /* .gitignore */; };
		BD9A704A29F73F68000A265D /* GoogleService-Info.plist in Resources */ = {isa = PBXBuildFile; fileRef = BD9A704929F73F68000A265D /* GoogleService-Info.plist */; };
		BD9A704D29F7498A000A265D /* Sneaker.swift in Sources */ = {isa = PBXBuildFile; fileRef = BD9A704C29F7498A000A265D /* Sneaker.swift */; };
		BD9A704F29F74D9C000A265D /* SneakerCollectionListView.swift in Sources */ = {isa = PBXBuildFile; fileRef = BD9A704E29F74D9C000A265D /* SneakerCollectionListView.swift */; };
		BD9A705129F74DF6000A265D /* SneakerCollectionListItem.swift in Sources */ = {isa = PBXBuildFile; fileRef = BD9A705029F74DF6000A265D /* SneakerCollectionListItem.swift */; };
		BD9A705329F7602D000A265D /* SneakerForm.swift in Sources */ = {isa = PBXBuildFile; fileRef = BD9A705229F7602D000A265D /* SneakerForm.swift */; };
		BD9A705629F789BD000A265D /* SneakerListViewModel.swift in Sources */ = {isa = PBXBuildFile; fileRef = BD9A705529F789BD000A265D /* SneakerListViewModel.swift */; };
		BD9A705929F84E46000A265D /* SneakerCollectionRepository.swift in Sources */ = {isa = PBXBuildFile; fileRef = BD9A705829F84E46000A265D /* SneakerCollectionRepository.swift */; };
		BD9A706429F9A333000A265D /* EmptyListView.swift in Sources */ = {isa = PBXBuildFile; fileRef = BD9A706329F9A333000A265D /* EmptyListView.swift */; };
		BD9A706629FBB612000A265D /* SneakerDetailView.swift in Sources */ = {isa = PBXBuildFile; fileRef = BD9A706529FBB612000A265D /* SneakerDetailView.swift */; };
		BDBC111B29F738A000D65074 /* SneakerGame.swift in Sources */ = {isa = PBXBuildFile; fileRef = BDBC111A29F738A000D65074 /* SneakerGame.swift */; };
		BDBC111D29F738A000D65074 /* ContentView.swift in Sources */ = {isa = PBXBuildFile; fileRef = BDBC111C29F738A000D65074 /* ContentView.swift */; };
		BDBC111F29F738A000D65074 /* Assets.xcassets in Resources */ = {isa = PBXBuildFile; fileRef = BDBC111E29F738A000D65074 /* Assets.xcassets */; };
		BDBC112229F738A000D65074 /* Preview Assets.xcassets in Resources */ = {isa = PBXBuildFile; fileRef = BDBC112129F738A000D65074 /* Preview Assets.xcassets */; };
		BDBC112A29F739AC00D65074 /* FirebaseAnalytics in Frameworks */ = {isa = PBXBuildFile; productRef = BDBC112929F739AC00D65074 /* FirebaseAnalytics */; };
		BDBC112C29F739AC00D65074 /* FirebaseAuth in Frameworks */ = {isa = PBXBuildFile; productRef = BDBC112B29F739AC00D65074 /* FirebaseAuth */; };
		BDBC112E29F739AC00D65074 /* FirebaseFirestore in Frameworks */ = {isa = PBXBuildFile; productRef = BDBC112D29F739AC00D65074 /* FirebaseFirestore */; };
		BDBC113029F739AC00D65074 /* FirebaseFirestoreSwift in Frameworks */ = {isa = PBXBuildFile; productRef = BDBC112F29F739AC00D65074 /* FirebaseFirestoreSwift */; };
/* End PBXBuildFile section */

/* Begin PBXFileReference section */
		BD9A704329F73C84000A265D /* .gitignore */ = {isa = PBXFileReference; lastKnownFileType = text; path = .gitignore; sourceTree = "<group>"; };
		BD9A704929F73F68000A265D /* GoogleService-Info.plist */ = {isa = PBXFileReference; fileEncoding = 4; lastKnownFileType = text.plist.xml; path = "GoogleService-Info.plist"; sourceTree = "<group>"; };
		BD9A704C29F7498A000A265D /* Sneaker.swift */ = {isa = PBXFileReference; lastKnownFileType = sourcecode.swift; path = Sneaker.swift; sourceTree = "<group>"; };
		BD9A704E29F74D9C000A265D /* SneakerCollectionListView.swift */ = {isa = PBXFileReference; lastKnownFileType = sourcecode.swift; path = SneakerCollectionListView.swift; sourceTree = "<group>"; };
		BD9A705029F74DF6000A265D /* SneakerCollectionListItem.swift */ = {isa = PBXFileReference; lastKnownFileType = sourcecode.swift; path = SneakerCollectionListItem.swift; sourceTree = "<group>"; };
		BD9A705229F7602D000A265D /* SneakerForm.swift */ = {isa = PBXFileReference; lastKnownFileType = sourcecode.swift; path = SneakerForm.swift; sourceTree = "<group>"; };
		BD9A705529F789BD000A265D /* SneakerListViewModel.swift */ = {isa = PBXFileReference; lastKnownFileType = sourcecode.swift; path = SneakerListViewModel.swift; sourceTree = "<group>"; };
		BD9A705829F84E46000A265D /* SneakerCollectionRepository.swift */ = {isa = PBXFileReference; lastKnownFileType = sourcecode.swift; path = SneakerCollectionRepository.swift; sourceTree = "<group>"; };
		BD9A706329F9A333000A265D /* EmptyListView.swift */ = {isa = PBXFileReference; lastKnownFileType = sourcecode.swift; path = EmptyListView.swift; sourceTree = "<group>"; };
		BD9A706529FBB612000A265D /* SneakerDetailView.swift */ = {isa = PBXFileReference; lastKnownFileType = sourcecode.swift; path = SneakerDetailView.swift; sourceTree = "<group>"; };
		BDBC111729F738A000D65074 /* SneakerGame.app */ = {isa = PBXFileReference; explicitFileType = wrapper.application; includeInIndex = 0; path = SneakerGame.app; sourceTree = BUILT_PRODUCTS_DIR; };
		BDBC111A29F738A000D65074 /* SneakerGame.swift */ = {isa = PBXFileReference; lastKnownFileType = sourcecode.swift; path = SneakerGame.swift; sourceTree = "<group>"; };
		BDBC111C29F738A000D65074 /* ContentView.swift */ = {isa = PBXFileReference; lastKnownFileType = sourcecode.swift; path = ContentView.swift; sourceTree = "<group>"; };
		BDBC111E29F738A000D65074 /* Assets.xcassets */ = {isa = PBXFileReference; lastKnownFileType = folder.assetcatalog; path = Assets.xcassets; sourceTree = "<group>"; };
		BDBC112129F738A000D65074 /* Preview Assets.xcassets */ = {isa = PBXFileReference; lastKnownFileType = folder.assetcatalog; path = "Preview Assets.xcassets"; sourceTree = "<group>"; };
/* End PBXFileReference section */

/* Begin PBXFrameworksBuildPhase section */
		BDBC111429F738A000D65074 /* Frameworks */ = {
			isa = PBXFrameworksBuildPhase;
			buildActionMask = 2147483647;
			files = (
				BDBC112A29F739AC00D65074 /* FirebaseAnalytics in Frameworks */,
				BDBC112C29F739AC00D65074 /* FirebaseAuth in Frameworks */,
				BDBC112E29F739AC00D65074 /* FirebaseFirestore in Frameworks */,
				BDBC113029F739AC00D65074 /* FirebaseFirestoreSwift in Frameworks */,
			);
			runOnlyForDeploymentPostprocessing = 0;
		};
/* End PBXFrameworksBuildPhase section */

/* Begin PBXGroup section */
		BD9A703F29F73C20000A265D /* Views */ = {
			isa = PBXGroup;
			children = (
				BD9A706229F9A30F000A265D /* Subviews */,
				BDBC111C29F738A000D65074 /* ContentView.swift */,
				BD9A704E29F74D9C000A265D /* SneakerCollectionListView.swift */,
				BD9A705029F74DF6000A265D /* SneakerCollectionListItem.swift */,
				BD9A705229F7602D000A265D /* SneakerForm.swift */,
				BD9A706529FBB612000A265D /* SneakerDetailView.swift */,
			);
			path = Views;
			sourceTree = "<group>";
		};
		BD9A704029F73C32000A265D /* Resources */ = {
			isa = PBXGroup;
			children = (
				BD9A704929F73F68000A265D /* GoogleService-Info.plist */,
				BDBC111E29F738A000D65074 /* Assets.xcassets */,
				BDBC112029F738A000D65074 /* Preview Content */,
			);
			path = Resources;
			sourceTree = "<group>";
		};
		BD9A704B29F7494A000A265D /* Models */ = {
			isa = PBXGroup;
			children = (
				BD9A704C29F7498A000A265D /* Sneaker.swift */,
			);
			path = Models;
			sourceTree = "<group>";
		};
		BD9A705429F7898A000A265D /* ViewModels */ = {
			isa = PBXGroup;
			children = (
				BD9A705529F789BD000A265D /* SneakerListViewModel.swift */,
			);
			path = ViewModels;
			sourceTree = "<group>";
		};
		BD9A705729F84E0D000A265D /* Repositories */ = {
			isa = PBXGroup;
			children = (
				BD9A705829F84E46000A265D /* SneakerCollectionRepository.swift */,
			);
			path = Repositories;
			sourceTree = "<group>";
		};
		BD9A706129F99ED2000A265D /* Utilities */ = {
			isa = PBXGroup;
			children = (
			);
			path = Utilities;
			sourceTree = "<group>";
		};
		BD9A706229F9A30F000A265D /* Subviews */ = {
			isa = PBXGroup;
			children = (
				BD9A706329F9A333000A265D /* EmptyListView.swift */,
			);
			path = Subviews;
			sourceTree = "<group>";
		};
		BDBC110E29F7389F00D65074 = {
			isa = PBXGroup;
			children = (
				BDBC111929F738A000D65074 /* SneakerGame */,
				BDBC111829F738A000D65074 /* Products */,
			);
			sourceTree = "<group>";
		};
		BDBC111829F738A000D65074 /* Products */ = {
			isa = PBXGroup;
			children = (
				BDBC111729F738A000D65074 /* SneakerGame.app */,
			);
			name = Products;
			sourceTree = "<group>";
		};
		BDBC111929F738A000D65074 /* SneakerGame */ = {
			isa = PBXGroup;
			children = (
				BD9A706129F99ED2000A265D /* Utilities */,
				BD9A705729F84E0D000A265D /* Repositories */,
				BD9A705429F7898A000A265D /* ViewModels */,
				BD9A704B29F7494A000A265D /* Models */,
				BD9A704029F73C32000A265D /* Resources */,
				BD9A703F29F73C20000A265D /* Views */,
				BD9A704329F73C84000A265D /* .gitignore */,
				BDBC111A29F738A000D65074 /* SneakerGame.swift */,
			);
			path = SneakerGame;
			sourceTree = "<group>";
		};
		BDBC112029F738A000D65074 /* Preview Content */ = {
			isa = PBXGroup;
			children = (
				BDBC112129F738A000D65074 /* Preview Assets.xcassets */,
			);
			path = "Preview Content";
			sourceTree = "<group>";
		};
/* End PBXGroup section */

/* Begin PBXNativeTarget section */
		BDBC111629F738A000D65074 /* SneakerGame */ = {
			isa = PBXNativeTarget;
			buildConfigurationList = BDBC112529F738A000D65074 /* Build configuration list for PBXNativeTarget "SneakerGame" */;
			buildPhases = (
				BDBC111329F738A000D65074 /* Sources */,
				BDBC111429F738A000D65074 /* Frameworks */,
				BDBC111529F738A000D65074 /* Resources */,
			);
			buildRules = (
			);
			dependencies = (
			);
			name = SneakerGame;
			packageProductDependencies = (
				BDBC112929F739AC00D65074 /* FirebaseAnalytics */,
				BDBC112B29F739AC00D65074 /* FirebaseAuth */,
				BDBC112D29F739AC00D65074 /* FirebaseFirestore */,
				BDBC112F29F739AC00D65074 /* FirebaseFirestoreSwift */,
			);
			productName = ShoeGame;
			productReference = BDBC111729F738A000D65074 /* SneakerGame.app */;
			productType = "com.apple.product-type.application";
		};
/* End PBXNativeTarget section */

/* Begin PBXProject section */
		BDBC110F29F7389F00D65074 /* Project object */ = {
			isa = PBXProject;
			attributes = {
				BuildIndependentTargetsInParallel = 1;
				LastSwiftUpdateCheck = 1430;
				LastUpgradeCheck = 1430;
				TargetAttributes = {
					BDBC111629F738A000D65074 = {
						CreatedOnToolsVersion = 14.3;
					};
				};
			};
			buildConfigurationList = BDBC111229F7389F00D65074 /* Build configuration list for PBXProject "SneakerGame" */;
			compatibilityVersion = "Xcode 14.0";
			developmentRegion = en;
			hasScannedForEncodings = 0;
			knownRegions = (
				en,
				Base,
			);
			mainGroup = BDBC110E29F7389F00D65074;
			packageReferences = (
				BDBC112829F739AC00D65074 /* XCRemoteSwiftPackageReference "firebase-ios-sdk" */,
			);
			productRefGroup = BDBC111829F738A000D65074 /* Products */;
			projectDirPath = "";
			projectRoot = "";
			targets = (
				BDBC111629F738A000D65074 /* SneakerGame */,
			);
		};
/* End PBXProject section */

/* Begin PBXResourcesBuildPhase section */
		BDBC111529F738A000D65074 /* Resources */ = {
			isa = PBXResourcesBuildPhase;
			buildActionMask = 2147483647;
			files = (
				BDBC112229F738A000D65074 /* Preview Assets.xcassets in Resources */,
				BD9A704A29F73F68000A265D /* GoogleService-Info.plist in Resources */,
				BD9A704429F73C84000A265D /* .gitignore in Resources */,
				BDBC111F29F738A000D65074 /* Assets.xcassets in Resources */,
			);
			runOnlyForDeploymentPostprocessing = 0;
		};
/* End PBXResourcesBuildPhase section */

/* Begin PBXSourcesBuildPhase section */
		BDBC111329F738A000D65074 /* Sources */ = {
			isa = PBXSourcesBuildPhase;
			buildActionMask = 2147483647;
			files = (
				BD9A704D29F7498A000A265D /* Sneaker.swift in Sources */,
				BD9A705129F74DF6000A265D /* SneakerCollectionListItem.swift in Sources */,
				BD9A705929F84E46000A265D /* SneakerCollectionRepository.swift in Sources */,
				BD9A704F29F74D9C000A265D /* SneakerCollectionListView.swift in Sources */,
				BDBC111D29F738A000D65074 /* ContentView.swift in Sources */,
				BD9A705629F789BD000A265D /* SneakerListViewModel.swift in Sources */,
				BD9A706629FBB612000A265D /* SneakerDetailView.swift in Sources */,
				BDBC111B29F738A000D65074 /* SneakerGame.swift in Sources */,
				BD9A705329F7602D000A265D /* SneakerForm.swift in Sources */,
				BD9A706429F9A333000A265D /* EmptyListView.swift in Sources */,
			);
			runOnlyForDeploymentPostprocessing = 0;
		};
/* End PBXSourcesBuildPhase section */

/* Begin XCBuildConfiguration section */
		BDBC112329F738A000D65074 /* Debug */ = {
			isa = XCBuildConfiguration;
			buildSettings = {
				ALWAYS_SEARCH_USER_PATHS = NO;
				CLANG_ANALYZER_NONNULL = YES;
				CLANG_ANALYZER_NUMBER_OBJECT_CONVERSION = YES_AGGRESSIVE;
				CLANG_CXX_LANGUAGE_STANDARD = "gnu++20";
				CLANG_ENABLE_MODULES = YES;
				CLANG_ENABLE_OBJC_ARC = YES;
				CLANG_ENABLE_OBJC_WEAK = YES;
				CLANG_WARN_BLOCK_CAPTURE_AUTORELEASING = YES;
				CLANG_WARN_BOOL_CONVERSION = YES;
				CLANG_WARN_COMMA = YES;
				CLANG_WARN_CONSTANT_CONVERSION = YES;
				CLANG_WARN_DEPRECATED_OBJC_IMPLEMENTATIONS = YES;
				CLANG_WARN_DIRECT_OBJC_ISA_USAGE = YES_ERROR;
				CLANG_WARN_DOCUMENTATION_COMMENTS = YES;
				CLANG_WARN_EMPTY_BODY = YES;
				CLANG_WARN_ENUM_CONVERSION = YES;
				CLANG_WARN_INFINITE_RECURSION = YES;
				CLANG_WARN_INT_CONVERSION = YES;
				CLANG_WARN_NON_LITERAL_NULL_CONVERSION = YES;
				CLANG_WARN_OBJC_IMPLICIT_RETAIN_SELF = YES;
				CLANG_WARN_OBJC_LITERAL_CONVERSION = YES;
				CLANG_WARN_OBJC_ROOT_CLASS = YES_ERROR;
				CLANG_WARN_QUOTED_INCLUDE_IN_FRAMEWORK_HEADER = YES;
				CLANG_WARN_RANGE_LOOP_ANALYSIS = YES;
				CLANG_WARN_STRICT_PROTOTYPES = YES;
				CLANG_WARN_SUSPICIOUS_MOVE = YES;
				CLANG_WARN_UNGUARDED_AVAILABILITY = YES_AGGRESSIVE;
				CLANG_WARN_UNREACHABLE_CODE = YES;
				CLANG_WARN__DUPLICATE_METHOD_MATCH = YES;
				COPY_PHASE_STRIP = NO;
				DEBUG_INFORMATION_FORMAT = dwarf;
				ENABLE_STRICT_OBJC_MSGSEND = YES;
				ENABLE_TESTABILITY = YES;
				GCC_C_LANGUAGE_STANDARD = gnu11;
				GCC_DYNAMIC_NO_PIC = NO;
				GCC_NO_COMMON_BLOCKS = YES;
				GCC_OPTIMIZATION_LEVEL = 0;
				GCC_PREPROCESSOR_DEFINITIONS = (
					"DEBUG=1",
					"$(inherited)",
				);
				GCC_WARN_64_TO_32_BIT_CONVERSION = YES;
				GCC_WARN_ABOUT_RETURN_TYPE = YES_ERROR;
				GCC_WARN_UNDECLARED_SELECTOR = YES;
				GCC_WARN_UNINITIALIZED_AUTOS = YES_AGGRESSIVE;
				GCC_WARN_UNUSED_FUNCTION = YES;
				GCC_WARN_UNUSED_VARIABLE = YES;
				IPHONEOS_DEPLOYMENT_TARGET = 15.0;
				MTL_ENABLE_DEBUG_INFO = INCLUDE_SOURCE;
				MTL_FAST_MATH = YES;
				ONLY_ACTIVE_ARCH = YES;
				SDKROOT = iphoneos;
				SWIFT_ACTIVE_COMPILATION_CONDITIONS = DEBUG;
				SWIFT_OPTIMIZATION_LEVEL = "-Onone";
			};
			name = Debug;
		};
		BDBC112429F738A000D65074 /* Release */ = {
			isa = XCBuildConfiguration;
			buildSettings = {
				ALWAYS_SEARCH_USER_PATHS = NO;
				CLANG_ANALYZER_NONNULL = YES;
				CLANG_ANALYZER_NUMBER_OBJECT_CONVERSION = YES_AGGRESSIVE;
				CLANG_CXX_LANGUAGE_STANDARD = "gnu++20";
				CLANG_ENABLE_MODULES = YES;
				CLANG_ENABLE_OBJC_ARC = YES;
				CLANG_ENABLE_OBJC_WEAK = YES;
				CLANG_WARN_BLOCK_CAPTURE_AUTORELEASING = YES;
				CLANG_WARN_BOOL_CONVERSION = YES;
				CLANG_WARN_COMMA = YES;
				CLANG_WARN_CONSTANT_CONVERSION = YES;
				CLANG_WARN_DEPRECATED_OBJC_IMPLEMENTATIONS = YES;
				CLANG_WARN_DIRECT_OBJC_ISA_USAGE = YES_ERROR;
				CLANG_WARN_DOCUMENTATION_COMMENTS = YES;
				CLANG_WARN_EMPTY_BODY = YES;
				CLANG_WARN_ENUM_CONVERSION = YES;
				CLANG_WARN_INFINITE_RECURSION = YES;
				CLANG_WARN_INT_CONVERSION = YES;
				CLANG_WARN_NON_LITERAL_NULL_CONVERSION = YES;
				CLANG_WARN_OBJC_IMPLICIT_RETAIN_SELF = YES;
				CLANG_WARN_OBJC_LITERAL_CONVERSION = YES;
				CLANG_WARN_OBJC_ROOT_CLASS = YES_ERROR;
				CLANG_WARN_QUOTED_INCLUDE_IN_FRAMEWORK_HEADER = YES;
				CLANG_WARN_RANGE_LOOP_ANALYSIS = YES;
				CLANG_WARN_STRICT_PROTOTYPES = YES;
				CLANG_WARN_SUSPICIOUS_MOVE = YES;
				CLANG_WARN_UNGUARDED_AVAILABILITY = YES_AGGRESSIVE;
				CLANG_WARN_UNREACHABLE_CODE = YES;
				CLANG_WARN__DUPLICATE_METHOD_MATCH = YES;
				COPY_PHASE_STRIP = NO;
				DEBUG_INFORMATION_FORMAT = "dwarf-with-dsym";
				ENABLE_NS_ASSERTIONS = NO;
				ENABLE_STRICT_OBJC_MSGSEND = YES;
				GCC_C_LANGUAGE_STANDARD = gnu11;
				GCC_NO_COMMON_BLOCKS = YES;
				GCC_WARN_64_TO_32_BIT_CONVERSION = YES;
				GCC_WARN_ABOUT_RETURN_TYPE = YES_ERROR;
				GCC_WARN_UNDECLARED_SELECTOR = YES;
				GCC_WARN_UNINITIALIZED_AUTOS = YES_AGGRESSIVE;
				GCC_WARN_UNUSED_FUNCTION = YES;
				GCC_WARN_UNUSED_VARIABLE = YES;
				IPHONEOS_DEPLOYMENT_TARGET = 15.0;
				MTL_ENABLE_DEBUG_INFO = NO;
				MTL_FAST_MATH = YES;
				SDKROOT = iphoneos;
				SWIFT_COMPILATION_MODE = wholemodule;
				SWIFT_OPTIMIZATION_LEVEL = "-O";
				VALIDATE_PRODUCT = YES;
			};
			name = Release;
		};
		BDBC112629F738A000D65074 /* Debug */ = {
			isa = XCBuildConfiguration;
			buildSettings = {
				ASSETCATALOG_COMPILER_APPICON_NAME = AppIcon;
				ASSETCATALOG_COMPILER_GLOBAL_ACCENT_COLOR_NAME = AccentColor;
				CODE_SIGN_STYLE = Automatic;
				CURRENT_PROJECT_VERSION = 1;
				DEVELOPMENT_ASSET_PATHS = "SneakerGame/Resources/Preview\\ Content";
				DEVELOPMENT_TEAM = QQC7URH972;
				ENABLE_PREVIEWS = YES;
				GENERATE_INFOPLIST_FILE = YES;
				INFOPLIST_KEY_UIApplicationSceneManifest_Generation = YES;
				INFOPLIST_KEY_UIApplicationSupportsIndirectInputEvents = YES;
				INFOPLIST_KEY_UILaunchScreen_Generation = YES;
				INFOPLIST_KEY_UISupportedInterfaceOrientations_iPad = "UIInterfaceOrientationPortrait UIInterfaceOrientationPortraitUpsideDown UIInterfaceOrientationLandscapeLeft UIInterfaceOrientationLandscapeRight";
				INFOPLIST_KEY_UISupportedInterfaceOrientations_iPhone = "UIInterfaceOrientationPortrait UIInterfaceOrientationLandscapeLeft UIInterfaceOrientationLandscapeRight";
				IPHONEOS_DEPLOYMENT_TARGET = 15.0;
				LD_RUNPATH_SEARCH_PATHS = (
					"$(inherited)",
					"@executable_path/Frameworks",
				);
				MARKETING_VERSION = 1.0;
				PRODUCT_BUNDLE_IDENTIFIER = com.kixnplay.SneakerGame;
				PRODUCT_NAME = "$(TARGET_NAME)";
				SWIFT_EMIT_LOC_STRINGS = YES;
				SWIFT_VERSION = 5.0;
				TARGETED_DEVICE_FAMILY = "1,2";
			};
			name = Debug;
		};
		BDBC112729F738A000D65074 /* Release */ = {
			isa = XCBuildConfiguration;
			buildSettings = {
				ASSETCATALOG_COMPILER_APPICON_NAME = AppIcon;
				ASSETCATALOG_COMPILER_GLOBAL_ACCENT_COLOR_NAME = AccentColor;
				CODE_SIGN_STYLE = Automatic;
				CURRENT_PROJECT_VERSION = 1;
				DEVELOPMENT_ASSET_PATHS = "SneakerGame/Resources/Preview\\ Content";
				DEVELOPMENT_TEAM = QQC7URH972;
				ENABLE_PREVIEWS = YES;
				GENERATE_INFOPLIST_FILE = YES;
				INFOPLIST_KEY_UIApplicationSceneManifest_Generation = YES;
				INFOPLIST_KEY_UIApplicationSupportsIndirectInputEvents = YES;
				INFOPLIST_KEY_UILaunchScreen_Generation = YES;
				INFOPLIST_KEY_UISupportedInterfaceOrientations_iPad = "UIInterfaceOrientationPortrait UIInterfaceOrientationPortraitUpsideDown UIInterfaceOrientationLandscapeLeft UIInterfaceOrientationLandscapeRight";
				INFOPLIST_KEY_UISupportedInterfaceOrientations_iPhone = "UIInterfaceOrientationPortrait UIInterfaceOrientationLandscapeLeft UIInterfaceOrientationLandscapeRight";
				IPHONEOS_DEPLOYMENT_TARGET = 15.0;
				LD_RUNPATH_SEARCH_PATHS = (
					"$(inherited)",
					"@executable_path/Frameworks",
				);
				MARKETING_VERSION = 1.0;
				PRODUCT_BUNDLE_IDENTIFIER = com.kixnplay.SneakerGame;
				PRODUCT_NAME = "$(TARGET_NAME)";
				SWIFT_EMIT_LOC_STRINGS = YES;
				SWIFT_VERSION = 5.0;
				TARGETED_DEVICE_FAMILY = "1,2";
			};
			name = Release;
		};
/* End XCBuildConfiguration section */

/* Begin XCConfigurationList section */
		BDBC111229F7389F00D65074 /* Build configuration list for PBXProject "SneakerGame" */ = {
			isa = XCConfigurationList;
			buildConfigurations = (
				BDBC112329F738A000D65074 /* Debug */,
				BDBC112429F738A000D65074 /* Release */,
			);
			defaultConfigurationIsVisible = 0;
			defaultConfigurationName = Release;
		};
		BDBC112529F738A000D65074 /* Build configuration list for PBXNativeTarget "SneakerGame" */ = {
			isa = XCConfigurationList;
			buildConfigurations = (
				BDBC112629F738A000D65074 /* Debug */,
				BDBC112729F738A000D65074 /* Release */,
			);
			defaultConfigurationIsVisible = 0;
			defaultConfigurationName = Release;
		};
/* End XCConfigurationList section */

/* Begin XCRemoteSwiftPackageReference section */
		BDBC112829F739AC00D65074 /* XCRemoteSwiftPackageReference "firebase-ios-sdk" */ = {
			isa = XCRemoteSwiftPackageReference;
			repositoryURL = "https://github.com/firebase/firebase-ios-sdk.git";
			requirement = {
				kind = upToNextMajorVersion;
				minimumVersion = 10.0.0;
			};
		};
/* End XCRemoteSwiftPackageReference section */

/* Begin XCSwiftPackageProductDependency section */
		BDBC112929F739AC00D65074 /* FirebaseAnalytics */ = {
			isa = XCSwiftPackageProductDependency;
			package = BDBC112829F739AC00D65074 /* XCRemoteSwiftPackageReference "firebase-ios-sdk" */;
			productName = FirebaseAnalytics;
		};
		BDBC112B29F739AC00D65074 /* FirebaseAuth */ = {
			isa = XCSwiftPackageProductDependency;
			package = BDBC112829F739AC00D65074 /* XCRemoteSwiftPackageReference "firebase-ios-sdk" */;
			productName = FirebaseAuth;
		};
		BDBC112D29F739AC00D65074 /* FirebaseFirestore */ = {
			isa = XCSwiftPackageProductDependency;
			package = BDBC112829F739AC00D65074 /* XCRemoteSwiftPackageReference "firebase-ios-sdk" */;
			productName = FirebaseFirestore;
		};
		BDBC112F29F739AC00D65074 /* FirebaseFirestoreSwift */ = {
			isa = XCSwiftPackageProductDependency;
			package = BDBC112829F739AC00D65074 /* XCRemoteSwiftPackageReference "firebase-ios-sdk" */;
			productName = FirebaseFirestoreSwift;
		};
/* End XCSwiftPackageProductDependency section */
	};
	rootObject = BDBC110F29F7389F00D65074 /* Project object */;
}
